
Microsoft Visual Studio Solution File, Format Version 12.00
# Visual Studio Version 17
VisualStudioVersion = 17.3.32929.385
MinimumVisualStudioVersion = 10.0.40219.1
Project("{FAE04EC0-301F-11D3-BF4B-00C04F79EFBC}") = "TP2_Csh", "TP2_Csh\TP2_Csh.csproj", "{7CB9072C-D8A1-4813-8C1B-6B399B0452AD}"
EndProject
Global
	GlobalSection(SolutionConfigurationPlatforms) = preSolution
		Debug|Any CPU = Debug|Any CPU
		Release|Any CPU = Release|Any CPU
	EndGlobalSection
	GlobalSection(ProjectConfigurationPlatforms) = postSolution
		{7CB9072C-D8A1-4813-8C1B-6B399B0452AD}.Debug|Any CPU.ActiveCfg = Debug|Any CPU
		{7CB9072C-D8A1-4813-8C1B-6B399B0452AD}.Debug|Any CPU.Build.0 = Debug|Any CPU
		{7CB9072C-D8A1-4813-8C1B-6B399B0452AD}.Release|Any CPU.ActiveCfg = Release|Any CPU
		{7CB9072C-D8A1-4813-8C1B-6B399B0452AD}.Release|Any CPU.Build.0 = Release|Any CPU
	EndGlobalSection
	GlobalSection(SolutionProperties) = preSolution
		HideSolutionNode = FALSE
	EndGlobalSection
	GlobalSection(ExtensibilityGlobals) = postSolution
		SolutionGuid = {8A2A71F6-3BFB-4856-B8BF-48E9C75572B7}
	EndGlobalSection
EndGlobal
